
Microsoft Visual Studio Solution File, Format Version 12.00
# Visual Studio Version 17
VisualStudioVersion = 17.0.31903.59
MinimumVisualStudioVersion = 10.0.40219.1
Project("{FAE04EC0-301F-11D3-BF4B-00C04F79EFBC}") = "Common", "Common\Common.csproj", "{575BB0BE-D1BA-4343-8CE4-E3BD14C5C77F}"
EndProject
Project("{2150E333-8FDC-42A3-9474-1A3956D46DE8}") = "Services", "Services", "{5854FF58-B8C5-05C6-5BF2-ACE42193F22B}"
EndProject
Project("{FAE04EC0-301F-11D3-BF4B-00C04F79EFBC}") = "UserService", "Services\UserService\UserService.csproj", "{08890CE3-09EE-4F62-9BD9-631F0DE7369D}"
EndProject
Project("{FAE04EC0-301F-11D3-BF4B-00C04F79EFBC}") = "BuildingsService", "Services\BuildingsService\BuildingsService.csproj", "{5B345F11-4F57-43E5-AA46-5D585DEAF42E}"
EndProject
Project("{FAE04EC0-301F-11D3-BF4B-00C04F79EFBC}") = "LinesService", "Services\LinesService\LinesService.csproj", "{10F7D16C-E021-42D1-99C9-BBED56E5E78E}"
EndProject
Project("{FAE04EC0-301F-11D3-BF4B-00C04F79EFBC}") = "PolesService", "Services\PolesService\PolesService.csproj", "{ED7055AC-20A8-464A-9B59-DEF89283EE99}"
EndProject
Project("{2150E333-8FDC-42A3-9474-1A3956D46DE8}") = "Tests", "Tests", "{6A16938B-45DC-4E36-B997-34743CE21E89}"
EndProject
Project("{FAE04EC0-301F-11D3-BF4B-00C04F79EFBC}") = "UserService.UnitTests", "Tests\UserService.UnitTests\UserService.UnitTests.csproj", "{114F4D08-CFCA-4120-9E11-6D13DB06112C}"
EndProject
Project("{FAE04EC0-301F-11D3-BF4B-00C04F79EFBC}") = "PolesService.UnitTests", "Tests\PolesService.UnitTests\PolesService.UnitTests.csproj", "{4E5E2044-02C9-4B3E-BBA0-14CB1CB54EEA}"
EndProject
Project("{FAE04EC0-301F-11D3-BF4B-00C04F79EFBC}") = "LinesService.UnitTests", "Tests\LinesService.UnitTests\LinesService.UnitTests.csproj", "{E6BC7FB0-4196-44CE-89FE-75026A88332D}"
EndProject
Project("{FAE04EC0-301F-11D3-BF4B-00C04F79EFBC}") = "BuildingsService.UnitTests", "Tests\BuildingsService.UnitTests\BuildingsService.UnitTests.csproj", "{A26D06A8-1A27-49F0-A338-7FBDFF9FA016}"
EndProject
Project("{FAE04EC0-301F-11D3-BF4B-00C04F79EFBC}") = "Common.UnitTests", "Tests\Common.UnitTests\Common.UnitTests.csproj", "{318A089A-24A0-4C8E-B23C-9AC7E33F9E16}"
EndProject
Global
	GlobalSection(SolutionConfigurationPlatforms) = preSolution
		Debug|Any CPU = Debug|Any CPU
		Debug|x64 = Debug|x64
		Debug|x86 = Debug|x86
		Release|Any CPU = Release|Any CPU
		Release|x64 = Release|x64
		Release|x86 = Release|x86
	EndGlobalSection
	GlobalSection(ProjectConfigurationPlatforms) = postSolution
		{575BB0BE-D1BA-4343-8CE4-E3BD14C5C77F}.Debug|Any CPU.ActiveCfg = Debug|Any CPU
		{575BB0BE-D1BA-4343-8CE4-E3BD14C5C77F}.Debug|Any CPU.Build.0 = Debug|Any CPU
		{575BB0BE-D1BA-4343-8CE4-E3BD14C5C77F}.Debug|x64.ActiveCfg = Debug|Any CPU
		{575BB0BE-D1BA-4343-8CE4-E3BD14C5C77F}.Debug|x64.Build.0 = Debug|Any CPU
		{575BB0BE-D1BA-4343-8CE4-E3BD14C5C77F}.Debug|x86.ActiveCfg = Debug|Any CPU
		{575BB0BE-D1BA-4343-8CE4-E3BD14C5C77F}.Debug|x86.Build.0 = Debug|Any CPU
		{575BB0BE-D1BA-4343-8CE4-E3BD14C5C77F}.Release|Any CPU.ActiveCfg = Release|Any CPU
		{575BB0BE-D1BA-4343-8CE4-E3BD14C5C77F}.Release|Any CPU.Build.0 = Release|Any CPU
		{575BB0BE-D1BA-4343-8CE4-E3BD14C5C77F}.Release|x64.ActiveCfg = Release|Any CPU
		{575BB0BE-D1BA-4343-8CE4-E3BD14C5C77F}.Release|x64.Build.0 = Release|Any CPU
		{575BB0BE-D1BA-4343-8CE4-E3BD14C5C77F}.Release|x86.ActiveCfg = Release|Any CPU
		{575BB0BE-D1BA-4343-8CE4-E3BD14C5C77F}.Release|x86.Build.0 = Release|Any CPU
		{08890CE3-09EE-4F62-9BD9-631F0DE7369D}.Debug|Any CPU.ActiveCfg = Debug|Any CPU
		{08890CE3-09EE-4F62-9BD9-631F0DE7369D}.Debug|Any CPU.Build.0 = Debug|Any CPU
		{08890CE3-09EE-4F62-9BD9-631F0DE7369D}.Debug|x64.ActiveCfg = Debug|Any CPU
		{08890CE3-09EE-4F62-9BD9-631F0DE7369D}.Debug|x64.Build.0 = Debug|Any CPU
		{08890CE3-09EE-4F62-9BD9-631F0DE7369D}.Debug|x86.ActiveCfg = Debug|Any CPU
		{08890CE3-09EE-4F62-9BD9-631F0DE7369D}.Debug|x86.Build.0 = Debug|Any CPU
		{08890CE3-09EE-4F62-9BD9-631F0DE7369D}.Release|Any CPU.ActiveCfg = Release|Any CPU
		{08890CE3-09EE-4F62-9BD9-631F0DE7369D}.Release|Any CPU.Build.0 = Release|Any CPU
		{08890CE3-09EE-4F62-9BD9-631F0DE7369D}.Release|x64.ActiveCfg = Release|Any CPU
		{08890CE3-09EE-4F62-9BD9-631F0DE7369D}.Release|x64.Build.0 = Release|Any CPU
		{08890CE3-09EE-4F62-9BD9-631F0DE7369D}.Release|x86.ActiveCfg = Release|Any CPU
		{08890CE3-09EE-4F62-9BD9-631F0DE7369D}.Release|x86.Build.0 = Release|Any CPU
		{5B345F11-4F57-43E5-AA46-5D585DEAF42E}.Debug|Any CPU.ActiveCfg = Debug|Any CPU
		{5B345F11-4F57-43E5-AA46-5D585DEAF42E}.Debug|Any CPU.Build.0 = Debug|Any CPU
		{5B345F11-4F57-43E5-AA46-5D585DEAF42E}.Debug|x64.ActiveCfg = Debug|Any CPU
		{5B345F11-4F57-43E5-AA46-5D585DEAF42E}.Debug|x64.Build.0 = Debug|Any CPU
		{5B345F11-4F57-43E5-AA46-5D585DEAF42E}.Debug|x86.ActiveCfg = Debug|Any CPU
		{5B345F11-4F57-43E5-AA46-5D585DEAF42E}.Debug|x86.Build.0 = Debug|Any CPU
		{5B345F11-4F57-43E5-AA46-5D585DEAF42E}.Release|Any CPU.ActiveCfg = Release|Any CPU
		{5B345F11-4F57-43E5-AA46-5D585DEAF42E}.Release|Any CPU.Build.0 = Release|Any CPU
		{5B345F11-4F57-43E5-AA46-5D585DEAF42E}.Release|x64.ActiveCfg = Release|Any CPU
		{5B345F11-4F57-43E5-AA46-5D585DEAF42E}.Release|x64.Build.0 = Release|Any CPU
		{5B345F11-4F57-43E5-AA46-5D585DEAF42E}.Release|x86.ActiveCfg = Release|Any CPU
		{5B345F11-4F57-43E5-AA46-5D585DEAF42E}.Release|x86.Build.0 = Release|Any CPU
		{10F7D16C-E021-42D1-99C9-BBED56E5E78E}.Debug|Any CPU.ActiveCfg = Debug|Any CPU
		{10F7D16C-E021-42D1-99C9-BBED56E5E78E}.Debug|Any CPU.Build.0 = Debug|Any CPU
		{10F7D16C-E021-42D1-99C9-BBED56E5E78E}.Debug|x64.ActiveCfg = Debug|Any CPU
		{10F7D16C-E021-42D1-99C9-BBED56E5E78E}.Debug|x64.Build.0 = Debug|Any CPU
		{10F7D16C-E021-42D1-99C9-BBED56E5E78E}.Debug|x86.ActiveCfg = Debug|Any CPU
		{10F7D16C-E021-42D1-99C9-BBED56E5E78E}.Debug|x86.Build.0 = Debug|Any CPU
		{10F7D16C-E021-42D1-99C9-BBED56E5E78E}.Release|Any CPU.ActiveCfg = Release|Any CPU
		{10F7D16C-E021-42D1-99C9-BBED56E5E78E}.Release|Any CPU.Build.0 = Release|Any CPU
		{10F7D16C-E021-42D1-99C9-BBED56E5E78E}.Release|x64.ActiveCfg = Release|Any CPU
		{10F7D16C-E021-42D1-99C9-BBED56E5E78E}.Release|x64.Build.0 = Release|Any CPU
		{10F7D16C-E021-42D1-99C9-BBED56E5E78E}.Release|x86.ActiveCfg = Release|Any CPU
		{10F7D16C-E021-42D1-99C9-BBED56E5E78E}.Release|x86.Build.0 = Release|Any CPU
		{ED7055AC-20A8-464A-9B59-DEF89283EE99}.Debug|Any CPU.ActiveCfg = Debug|Any CPU
		{ED7055AC-20A8-464A-9B59-DEF89283EE99}.Debug|Any CPU.Build.0 = Debug|Any CPU
		{ED7055AC-20A8-464A-9B59-DEF89283EE99}.Debug|x64.ActiveCfg = Debug|Any CPU
		{ED7055AC-20A8-464A-9B59-DEF89283EE99}.Debug|x64.Build.0 = Debug|Any CPU
		{ED7055AC-20A8-464A-9B59-DEF89283EE99}.Debug|x86.ActiveCfg = Debug|Any CPU
		{ED7055AC-20A8-464A-9B59-DEF89283EE99}.Debug|x86.Build.0 = Debug|Any CPU
		{ED7055AC-20A8-464A-9B59-DEF89283EE99}.Release|Any CPU.ActiveCfg = Release|Any CPU
		{ED7055AC-20A8-464A-9B59-DEF89283EE99}.Release|Any CPU.Build.0 = Release|Any CPU
		{ED7055AC-20A8-464A-9B59-DEF89283EE99}.Release|x64.ActiveCfg = Release|Any CPU
		{ED7055AC-20A8-464A-9B59-DEF89283EE99}.Release|x64.Build.0 = Release|Any CPU
		{ED7055AC-20A8-464A-9B59-DEF89283EE99}.Release|x86.ActiveCfg = Release|Any CPU
		{ED7055AC-20A8-464A-9B59-DEF89283EE99}.Release|x86.Build.0 = Release|Any CPU
		{114F4D08-CFCA-4120-9E11-6D13DB06112C}.Debug|Any CPU.ActiveCfg = Debug|Any CPU
		{114F4D08-CFCA-4120-9E11-6D13DB06112C}.Debug|Any CPU.Build.0 = Debug|Any CPU
		{114F4D08-CFCA-4120-9E11-6D13DB06112C}.Debug|x64.ActiveCfg = Debug|Any CPU
		{114F4D08-CFCA-4120-9E11-6D13DB06112C}.Debug|x64.Build.0 = Debug|Any CPU
		{114F4D08-CFCA-4120-9E11-6D13DB06112C}.Debug|x86.ActiveCfg = Debug|Any CPU
		{114F4D08-CFCA-4120-9E11-6D13DB06112C}.Debug|x86.Build.0 = Debug|Any CPU
		{114F4D08-CFCA-4120-9E11-6D13DB06112C}.Release|Any CPU.ActiveCfg = Release|Any CPU
		{114F4D08-CFCA-4120-9E11-6D13DB06112C}.Release|Any CPU.Build.0 = Release|Any CPU
		{114F4D08-CFCA-4120-9E11-6D13DB06112C}.Release|x64.ActiveCfg = Release|Any CPU
		{114F4D08-CFCA-4120-9E11-6D13DB06112C}.Release|x64.Build.0 = Release|Any CPU
		{114F4D08-CFCA-4120-9E11-6D13DB06112C}.Release|x86.ActiveCfg = Release|Any CPU
		{114F4D08-CFCA-4120-9E11-6D13DB06112C}.Release|x86.Build.0 = Release|Any CPU
		{4E5E2044-02C9-4B3E-BBA0-14CB1CB54EEA}.Debug|Any CPU.ActiveCfg = Debug|Any CPU
		{4E5E2044-02C9-4B3E-BBA0-14CB1CB54EEA}.Debug|Any CPU.Build.0 = Debug|Any CPU
		{4E5E2044-02C9-4B3E-BBA0-14CB1CB54EEA}.Debug|x64.ActiveCfg = Debug|Any CPU
		{4E5E2044-02C9-4B3E-BBA0-14CB1CB54EEA}.Debug|x64.Build.0 = Debug|Any CPU
		{4E5E2044-02C9-4B3E-BBA0-14CB1CB54EEA}.Debug|x86.ActiveCfg = Debug|Any CPU
		{4E5E2044-02C9-4B3E-BBA0-14CB1CB54EEA}.Debug|x86.Build.0 = Debug|Any CPU
		{4E5E2044-02C9-4B3E-BBA0-14CB1CB54EEA}.Release|Any CPU.ActiveCfg = Release|Any CPU
		{4E5E2044-02C9-4B3E-BBA0-14CB1CB54EEA}.Release|Any CPU.Build.0 = Release|Any CPU
		{4E5E2044-02C9-4B3E-BBA0-14CB1CB54EEA}.Release|x64.ActiveCfg = Release|Any CPU
		{4E5E2044-02C9-4B3E-BBA0-14CB1CB54EEA}.Release|x64.Build.0 = Release|Any CPU
		{4E5E2044-02C9-4B3E-BBA0-14CB1CB54EEA}.Release|x86.ActiveCfg = Release|Any CPU
		{4E5E2044-02C9-4B3E-BBA0-14CB1CB54EEA}.Release|x86.Build.0 = Release|Any CPU
		{E6BC7FB0-4196-44CE-89FE-75026A88332D}.Debug|Any CPU.ActiveCfg = Debug|Any CPU
		{E6BC7FB0-4196-44CE-89FE-75026A88332D}.Debug|Any CPU.Build.0 = Debug|Any CPU
		{E6BC7FB0-4196-44CE-89FE-75026A88332D}.Debug|x64.ActiveCfg = Debug|Any CPU
		{E6BC7FB0-4196-44CE-89FE-75026A88332D}.Debug|x64.Build.0 = Debug|Any CPU
		{E6BC7FB0-4196-44CE-89FE-75026A88332D}.Debug|x86.ActiveCfg = Debug|Any CPU
		{E6BC7FB0-4196-44CE-89FE-75026A88332D}.Debug|x86.Build.0 = Debug|Any CPU
		{E6BC7FB0-4196-44CE-89FE-75026A88332D}.Release|Any CPU.ActiveCfg = Release|Any CPU
		{E6BC7FB0-4196-44CE-89FE-75026A88332D}.Release|Any CPU.Build.0 = Release|Any CPU
		{E6BC7FB0-4196-44CE-89FE-75026A88332D}.Release|x64.ActiveCfg = Release|Any CPU
		{E6BC7FB0-4196-44CE-89FE-75026A88332D}.Release|x64.Build.0 = Release|Any CPU
		{E6BC7FB0-4196-44CE-89FE-75026A88332D}.Release|x86.ActiveCfg = Release|Any CPU
		{E6BC7FB0-4196-44CE-89FE-75026A88332D}.Release|x86.Build.0 = Release|Any CPU
		{A26D06A8-1A27-49F0-A338-7FBDFF9FA016}.Debug|Any CPU.ActiveCfg = Debug|Any CPU
		{A26D06A8-1A27-49F0-A338-7FBDFF9FA016}.Debug|Any CPU.Build.0 = Debug|Any CPU
		{A26D06A8-1A27-49F0-A338-7FBDFF9FA016}.Debug|x64.ActiveCfg = Debug|Any CPU
		{A26D06A8-1A27-49F0-A338-7FBDFF9FA016}.Debug|x64.Build.0 = Debug|Any CPU
		{A26D06A8-1A27-49F0-A338-7FBDFF9FA016}.Debug|x86.ActiveCfg = Debug|Any CPU
		{A26D06A8-1A27-49F0-A338-7FBDFF9FA016}.Debug|x86.Build.0 = Debug|Any CPU
		{A26D06A8-1A27-49F0-A338-7FBDFF9FA016}.Release|Any CPU.ActiveCfg = Release|Any CPU
		{A26D06A8-1A27-49F0-A338-7FBDFF9FA016}.Release|Any CPU.Build.0 = Release|Any CPU
		{A26D06A8-1A27-49F0-A338-7FBDFF9FA016}.Release|x64.ActiveCfg = Release|Any CPU
		{A26D06A8-1A27-49F0-A338-7FBDFF9FA016}.Release|x64.Build.0 = Release|Any CPU
		{A26D06A8-1A27-49F0-A338-7FBDFF9FA016}.Release|x86.ActiveCfg = Release|Any CPU
		{A26D06A8-1A27-49F0-A338-7FBDFF9FA016}.Release|x86.Build.0 = Release|Any CPU
		{318A089A-24A0-4C8E-B23C-9AC7E33F9E16}.Debug|Any CPU.ActiveCfg = Debug|Any CPU
		{318A089A-24A0-4C8E-B23C-9AC7E33F9E16}.Debug|Any CPU.Build.0 = Debug|Any CPU
		{318A089A-24A0-4C8E-B23C-9AC7E33F9E16}.Debug|x64.ActiveCfg = Debug|Any CPU
		{318A089A-24A0-4C8E-B23C-9AC7E33F9E16}.Debug|x64.Build.0 = Debug|Any CPU
		{318A089A-24A0-4C8E-B23C-9AC7E33F9E16}.Debug|x86.ActiveCfg = Debug|Any CPU
		{318A089A-24A0-4C8E-B23C-9AC7E33F9E16}.Debug|x86.Build.0 = Debug|Any CPU
		{318A089A-24A0-4C8E-B23C-9AC7E33F9E16}.Release|Any CPU.ActiveCfg = Release|Any CPU
		{318A089A-24A0-4C8E-B23C-9AC7E33F9E16}.Release|Any CPU.Build.0 = Release|Any CPU
		{318A089A-24A0-4C8E-B23C-9AC7E33F9E16}.Release|x64.ActiveCfg = Release|Any CPU
		{318A089A-24A0-4C8E-B23C-9AC7E33F9E16}.Release|x64.Build.0 = Release|Any CPU
		{318A089A-24A0-4C8E-B23C-9AC7E33F9E16}.Release|x86.ActiveCfg = Release|Any CPU
		{318A089A-24A0-4C8E-B23C-9AC7E33F9E16}.Release|x86.Build.0 = Release|Any CPU
	EndGlobalSection
	GlobalSection(SolutionProperties) = preSolution
		HideSolutionNode = FALSE
	EndGlobalSection
	GlobalSection(NestedProjects) = preSolution
		{08890CE3-09EE-4F62-9BD9-631F0DE7369D} = {5854FF58-B8C5-05C6-5BF2-ACE42193F22B}
		{5B345F11-4F57-43E5-AA46-5D585DEAF42E} = {5854FF58-B8C5-05C6-5BF2-ACE42193F22B}
		{10F7D16C-E021-42D1-99C9-BBED56E5E78E} = {5854FF58-B8C5-05C6-5BF2-ACE42193F22B}
		{ED7055AC-20A8-464A-9B59-DEF89283EE99} = {5854FF58-B8C5-05C6-5BF2-ACE42193F22B}
		{114F4D08-CFCA-4120-9E11-6D13DB06112C} = {6A16938B-45DC-4E36-B997-34743CE21E89}
		{4E5E2044-02C9-4B3E-BBA0-14CB1CB54EEA} = {6A16938B-45DC-4E36-B997-34743CE21E89}
		{E6BC7FB0-4196-44CE-89FE-75026A88332D} = {6A16938B-45DC-4E36-B997-34743CE21E89}
		{A26D06A8-1A27-49F0-A338-7FBDFF9FA016} = {6A16938B-45DC-4E36-B997-34743CE21E89}
		{318A089A-24A0-4C8E-B23C-9AC7E33F9E16} = {6A16938B-45DC-4E36-B997-34743CE21E89}
	EndGlobalSection
EndGlobal
